// !$*UTF8*$!
{
	archiveVersion = 1;
	classes = {
	};
	objectVersion = 56;
	objects = {

/* Begin PBXBuildFile section */
		3E6F0F542D2E9CB5008CF3A1 /* WelcomeView.swift in Sources */ = {isa = PBXBuildFile; fileRef = 3E6F0F532D2E9CB5008CF3A1 /* WelcomeView.swift */; };
		3E6F0F662D2EAB2E008CF3A1 /* UIExtension.swift in Sources */ = {isa = PBXBuildFile; fileRef = 3E6F0F652D2EAB2E008CF3A1 /* UIExtension.swift */; };
		3E6F0F682D2EAB9F008CF3A1 /* RoundButton.swift in Sources */ = {isa = PBXBuildFile; fileRef = 3E6F0F672D2EAB9F008CF3A1 /* RoundButton.swift */; };
		3E6F0F6A2D2EABD9008CF3A1 /* SignInView.swift in Sources */ = {isa = PBXBuildFile; fileRef = 3E6F0F692D2EABD9008CF3A1 /* SignInView.swift */; };
		3E6F0F6D2D2EAC3A008CF3A1 /* CountryPicker in Frameworks */ = {isa = PBXBuildFile; productRef = 3E6F0F6C2D2EAC3A008CF3A1 /* CountryPicker */; };
		3E6F0F6F2D2EAC82008CF3A1 /* CountryPickerUI.swift in Sources */ = {isa = PBXBuildFile; fileRef = 3E6F0F6E2D2EAC82008CF3A1 /* CountryPickerUI.swift */; };
		3EC694872D2D5CDB00C18265 /* FooddeliveryApp.swift in Sources */ = {isa = PBXBuildFile; fileRef = 3EC694862D2D5CDB00C18265 /* FooddeliveryApp.swift */; };
		3EC694892D2D5CDB00C18265 /* ContentView.swift in Sources */ = {isa = PBXBuildFile; fileRef = 3EC694882D2D5CDB00C18265 /* ContentView.swift */; };
		3EC6948B2D2D5CDD00C18265 /* Assets.xcassets in Resources */ = {isa = PBXBuildFile; fileRef = 3EC6948A2D2D5CDD00C18265 /* Assets.xcassets */; };
		3EC6948E2D2D5CDD00C18265 /* Preview Assets.xcassets in Resources */ = {isa = PBXBuildFile; fileRef = 3EC6948D2D2D5CDD00C18265 /* Preview Assets.xcassets */; };
		3EC694982D2D5CDD00C18265 /* FooddeliveryTests.swift in Sources */ = {isa = PBXBuildFile; fileRef = 3EC694972D2D5CDD00C18265 /* FooddeliveryTests.swift */; };
		3EC694A22D2D5CDD00C18265 /* FooddeliveryUITests.swift in Sources */ = {isa = PBXBuildFile; fileRef = 3EC694A12D2D5CDD00C18265 /* FooddeliveryUITests.swift */; };
		3EC694A42D2D5CDD00C18265 /* FooddeliveryUITestsLaunchTests.swift in Sources */ = {isa = PBXBuildFile; fileRef = 3EC694A32D2D5CDD00C18265 /* FooddeliveryUITestsLaunchTests.swift */; };
		3EC694B92D2D641700C18265 /* Launch Screen.storyboard in Resources */ = {isa = PBXBuildFile; fileRef = 3EC694B82D2D641700C18265 /* Launch Screen.storyboard */; };
/* End PBXBuildFile section */

/* Begin PBXContainerItemProxy section */
		3EC694942D2D5CDD00C18265 /* PBXContainerItemProxy */ = {
			isa = PBXContainerItemProxy;
			containerPortal = 3EC6947B2D2D5CDB00C18265 /* Project object */;
			proxyType = 1;
			remoteGlobalIDString = 3EC694822D2D5CDB00C18265;
			remoteInfo = Fooddelivery;
		};
		3EC6949E2D2D5CDD00C18265 /* PBXContainerItemProxy */ = {
			isa = PBXContainerItemProxy;
			containerPortal = 3EC6947B2D2D5CDB00C18265 /* Project object */;
			proxyType = 1;
			remoteGlobalIDString = 3EC694822D2D5CDB00C18265;
			remoteInfo = Fooddelivery;
		};
/* End PBXContainerItemProxy section */

/* Begin PBXFileReference section */
		3E6F0F532D2E9CB5008CF3A1 /* WelcomeView.swift */ = {isa = PBXFileReference; lastKnownFileType = sourcecode.swift; path = WelcomeView.swift; sourceTree = "<group>"; };
		3E6F0F652D2EAB2E008CF3A1 /* UIExtension.swift */ = {isa = PBXFileReference; lastKnownFileType = sourcecode.swift; path = UIExtension.swift; sourceTree = "<group>"; };
		3E6F0F672D2EAB9F008CF3A1 /* RoundButton.swift */ = {isa = PBXFileReference; lastKnownFileType = sourcecode.swift; path = RoundButton.swift; sourceTree = "<group>"; };
		3E6F0F692D2EABD9008CF3A1 /* SignInView.swift */ = {isa = PBXFileReference; lastKnownFileType = sourcecode.swift; path = SignInView.swift; sourceTree = "<group>"; };
		3E6F0F6E2D2EAC82008CF3A1 /* CountryPickerUI.swift */ = {isa = PBXFileReference; lastKnownFileType = sourcecode.swift; path = CountryPickerUI.swift; sourceTree = "<group>"; };
		3EC694832D2D5CDB00C18265 /* Fooddelivery.app */ = {isa = PBXFileReference; explicitFileType = wrapper.application; includeInIndex = 0; path = Fooddelivery.app; sourceTree = BUILT_PRODUCTS_DIR; };
		3EC694862D2D5CDB00C18265 /* FooddeliveryApp.swift */ = {isa = PBXFileReference; lastKnownFileType = sourcecode.swift; path = FooddeliveryApp.swift; sourceTree = "<group>"; };
		3EC694882D2D5CDB00C18265 /* ContentView.swift */ = {isa = PBXFileReference; lastKnownFileType = sourcecode.swift; path = ContentView.swift; sourceTree = "<group>"; };
		3EC6948A2D2D5CDD00C18265 /* Assets.xcassets */ = {isa = PBXFileReference; lastKnownFileType = folder.assetcatalog; path = Assets.xcassets; sourceTree = "<group>"; };
		3EC6948D2D2D5CDD00C18265 /* Preview Assets.xcassets */ = {isa = PBXFileReference; lastKnownFileType = folder.assetcatalog; path = "Preview Assets.xcassets"; sourceTree = "<group>"; };
		3EC694932D2D5CDD00C18265 /* FooddeliveryTests.xctest */ = {isa = PBXFileReference; explicitFileType = wrapper.cfbundle; includeInIndex = 0; path = FooddeliveryTests.xctest; sourceTree = BUILT_PRODUCTS_DIR; };
		3EC694972D2D5CDD00C18265 /* FooddeliveryTests.swift */ = {isa = PBXFileReference; lastKnownFileType = sourcecode.swift; path = FooddeliveryTests.swift; sourceTree = "<group>"; };
		3EC6949D2D2D5CDD00C18265 /* FooddeliveryUITests.xctest */ = {isa = PBXFileReference; explicitFileType = wrapper.cfbundle; includeInIndex = 0; path = FooddeliveryUITests.xctest; sourceTree = BUILT_PRODUCTS_DIR; };
		3EC694A12D2D5CDD00C18265 /* FooddeliveryUITests.swift */ = {isa = PBXFileReference; lastKnownFileType = sourcecode.swift; path = FooddeliveryUITests.swift; sourceTree = "<group>"; };
		3EC694A32D2D5CDD00C18265 /* FooddeliveryUITestsLaunchTests.swift */ = {isa = PBXFileReference; lastKnownFileType = sourcecode.swift; path = FooddeliveryUITestsLaunchTests.swift; sourceTree = "<group>"; };
		3EC694B42D2D60A700C18265 /* Gilroy-SemiBold.ttf */ = {isa = PBXFileReference; lastKnownFileType = file; name = "Gilroy-SemiBold.ttf"; path = "../../../../FoodDelivery-main/FoodDelivery/Font/Gilroy-SemiBold.ttf"; sourceTree = "<group>"; };
		3EC694B52D2D60A700C18265 /* Gilroy-Bold.ttf */ = {isa = PBXFileReference; lastKnownFileType = file; name = "Gilroy-Bold.ttf"; path = "../../../../FoodDelivery-main/FoodDelivery/Font/Gilroy-Bold.ttf"; sourceTree = "<group>"; };
		3EC694B62D2D60A700C18265 /* Gilroy-Regular.ttf */ = {isa = PBXFileReference; lastKnownFileType = file; name = "Gilroy-Regular.ttf"; path = "../../../../FoodDelivery-main/FoodDelivery/Font/Gilroy-Regular.ttf"; sourceTree = "<group>"; };
		3EC694B82D2D641700C18265 /* Launch Screen.storyboard */ = {isa = PBXFileReference; lastKnownFileType = file.storyboard; path = "Launch Screen.storyboard"; sourceTree = "<group>"; };
/* End PBXFileReference section */

/* Begin PBXFrameworksBuildPhase section */
		3EC694802D2D5CDB00C18265 /* Frameworks */ = {
			isa = PBXFrameworksBuildPhase;
			buildActionMask = 2147483647;
			files = (
				3E6F0F6D2D2EAC3A008CF3A1 /* CountryPicker in Frameworks */,
			);
			runOnlyForDeploymentPostprocessing = 0;
		};
		3EC694902D2D5CDD00C18265 /* Frameworks */ = {
			isa = PBXFrameworksBuildPhase;
			buildActionMask = 2147483647;
			files = (
			);
			runOnlyForDeploymentPostprocessing = 0;
		};
		3EC6949A2D2D5CDD00C18265 /* Frameworks */ = {
			isa = PBXFrameworksBuildPhase;
			buildActionMask = 2147483647;
			files = (
			);
			runOnlyForDeploymentPostprocessing = 0;
		};
/* End PBXFrameworksBuildPhase section */

/* Begin PBXGroup section */
		3E6F0F4F2D2E9C69008CF3A1 /* View */ = {
			isa = PBXGroup;
			children = (
				3E6F0F502D2E9C71008CF3A1 /* Login */,
			);
			path = View;
			sourceTree = "<group>";
		};
		3E6F0F502D2E9C71008CF3A1 /* Login */ = {
			isa = PBXGroup;
			children = (
				3E6F0F532D2E9CB5008CF3A1 /* WelcomeView.swift */,
				3E6F0F692D2EABD9008CF3A1 /* SignInView.swift */,
			);
			path = Login;
			sourceTree = "<group>";
		};
		3E6F0F642D2EAB17008CF3A1 /* UICommon */ = {
			isa = PBXGroup;
			children = (
				3E6F0F652D2EAB2E008CF3A1 /* UIExtension.swift */,
				3E6F0F672D2EAB9F008CF3A1 /* RoundButton.swift */,
				3E6F0F6E2D2EAC82008CF3A1 /* CountryPickerUI.swift */,
			);
			path = UICommon;
			sourceTree = "<group>";
		};
		3EC6947A2D2D5CDB00C18265 = {
			isa = PBXGroup;
			children = (
				3EC694852D2D5CDB00C18265 /* Fooddelivery */,
				3EC694962D2D5CDD00C18265 /* FooddeliveryTests */,
				3EC694A02D2D5CDD00C18265 /* FooddeliveryUITests */,
				3EC694842D2D5CDB00C18265 /* Products */,
			);
			sourceTree = "<group>";
		};
		3EC694842D2D5CDB00C18265 /* Products */ = {
			isa = PBXGroup;
			children = (
				3EC694832D2D5CDB00C18265 /* Fooddelivery.app */,
				3EC694932D2D5CDD00C18265 /* FooddeliveryTests.xctest */,
				3EC6949D2D2D5CDD00C18265 /* FooddeliveryUITests.xctest */,
			);
			name = Products;
			sourceTree = "<group>";
		};
		3EC694852D2D5CDB00C18265 /* Fooddelivery */ = {
			isa = PBXGroup;
			children = (
				3E6F0F642D2EAB17008CF3A1 /* UICommon */,
				3E6F0F4F2D2E9C69008CF3A1 /* View */,
				3EC694B32D2D604B00C18265 /* Font */,
				3EC694862D2D5CDB00C18265 /* FooddeliveryApp.swift */,
				3EC694882D2D5CDB00C18265 /* ContentView.swift */,
				3EC694B82D2D641700C18265 /* Launch Screen.storyboard */,
				3EC6948A2D2D5CDD00C18265 /* Assets.xcassets */,
				3EC6948C2D2D5CDD00C18265 /* Preview Content */,
			);
			path = Fooddelivery;
			sourceTree = "<group>";
		};
		3EC6948C2D2D5CDD00C18265 /* Preview Content */ = {
			isa = PBXGroup;
			children = (
				3EC6948D2D2D5CDD00C18265 /* Preview Assets.xcassets */,
			);
			path = "Preview Content";
			sourceTree = "<group>";
		};
		3EC694962D2D5CDD00C18265 /* FooddeliveryTests */ = {
			isa = PBXGroup;
			children = (
				3EC694972D2D5CDD00C18265 /* FooddeliveryTests.swift */,
			);
			path = FooddeliveryTests;
			sourceTree = "<group>";
		};
		3EC694A02D2D5CDD00C18265 /* FooddeliveryUITests */ = {
			isa = PBXGroup;
			children = (
				3EC694A12D2D5CDD00C18265 /* FooddeliveryUITests.swift */,
				3EC694A32D2D5CDD00C18265 /* FooddeliveryUITestsLaunchTests.swift */,
			);
			path = FooddeliveryUITests;
			sourceTree = "<group>";
		};
		3EC694B32D2D604B00C18265 /* Font */ = {
			isa = PBXGroup;
			children = (
				3EC694B52D2D60A700C18265 /* Gilroy-Bold.ttf */,
				3EC694B62D2D60A700C18265 /* Gilroy-Regular.ttf */,
				3EC694B42D2D60A700C18265 /* Gilroy-SemiBold.ttf */,
			);
			path = Font;
			sourceTree = "<group>";
		};
/* End PBXGroup section */

/* Begin PBXNativeTarget section */
		3EC694822D2D5CDB00C18265 /* Fooddelivery */ = {
			isa = PBXNativeTarget;
			buildConfigurationList = 3EC694A72D2D5CDD00C18265 /* Build configuration list for PBXNativeTarget "Fooddelivery" */;
			buildPhases = (
				3EC6947F2D2D5CDB00C18265 /* Sources */,
				3EC694802D2D5CDB00C18265 /* Frameworks */,
				3EC694812D2D5CDB00C18265 /* Resources */,
			);
			buildRules = (
			);
			dependencies = (
			);
			name = Fooddelivery;
			packageProductDependencies = (
				3E6F0F6C2D2EAC3A008CF3A1 /* CountryPicker */,
			);
			productName = Fooddelivery;
			productReference = 3EC694832D2D5CDB00C18265 /* Fooddelivery.app */;
			productType = "com.apple.product-type.application";
		};
		3EC694922D2D5CDD00C18265 /* FooddeliveryTests */ = {
			isa = PBXNativeTarget;
			buildConfigurationList = 3EC694AA2D2D5CDD00C18265 /* Build configuration list for PBXNativeTarget "FooddeliveryTests" */;
			buildPhases = (
				3EC6948F2D2D5CDD00C18265 /* Sources */,
				3EC694902D2D5CDD00C18265 /* Frameworks */,
				3EC694912D2D5CDD00C18265 /* Resources */,
			);
			buildRules = (
			);
			dependencies = (
				3EC694952D2D5CDD00C18265 /* PBXTargetDependency */,
			);
			name = FooddeliveryTests;
			productName = FooddeliveryTests;
			productReference = 3EC694932D2D5CDD00C18265 /* FooddeliveryTests.xctest */;
			productType = "com.apple.product-type.bundle.unit-test";
		};
		3EC6949C2D2D5CDD00C18265 /* FooddeliveryUITests */ = {
			isa = PBXNativeTarget;
			buildConfigurationList = 3EC694AD2D2D5CDD00C18265 /* Build configuration list for PBXNativeTarget "FooddeliveryUITests" */;
			buildPhases = (
				3EC694992D2D5CDD00C18265 /* Sources */,
				3EC6949A2D2D5CDD00C18265 /* Frameworks */,
				3EC6949B2D2D5CDD00C18265 /* Resources */,
			);
			buildRules = (
			);
			dependencies = (
				3EC6949F2D2D5CDD00C18265 /* PBXTargetDependency */,
			);
			name = FooddeliveryUITests;
			productName = FooddeliveryUITests;
			productReference = 3EC6949D2D2D5CDD00C18265 /* FooddeliveryUITests.xctest */;
			productType = "com.apple.product-type.bundle.ui-testing";
		};
/* End PBXNativeTarget section */

/* Begin PBXProject section */
		3EC6947B2D2D5CDB00C18265 /* Project object */ = {
			isa = PBXProject;
			attributes = {
				BuildIndependentTargetsInParallel = 1;
				LastSwiftUpdateCheck = 1540;
				LastUpgradeCheck = 1540;
				TargetAttributes = {
					3EC694822D2D5CDB00C18265 = {
						CreatedOnToolsVersion = 15.4;
					};
					3EC694922D2D5CDD00C18265 = {
						CreatedOnToolsVersion = 15.4;
						TestTargetID = 3EC694822D2D5CDB00C18265;
					};
					3EC6949C2D2D5CDD00C18265 = {
						CreatedOnToolsVersion = 15.4;
						TestTargetID = 3EC694822D2D5CDB00C18265;
					};
				};
			};
			buildConfigurationList = 3EC6947E2D2D5CDB00C18265 /* Build configuration list for PBXProject "Fooddelivery" */;
			compatibilityVersion = "Xcode 14.0";
			developmentRegion = en;
			hasScannedForEncodings = 0;
			knownRegions = (
				en,
				Base,
			);
			mainGroup = 3EC6947A2D2D5CDB00C18265;
			packageReferences = (
				3E6F0F6B2D2EAC39008CF3A1 /* XCRemoteSwiftPackageReference "CountryPicker" */,
			);
			productRefGroup = 3EC694842D2D5CDB00C18265 /* Products */;
			projectDirPath = "";
			projectRoot = "";
			targets = (
				3EC694822D2D5CDB00C18265 /* Fooddelivery */,
				3EC694922D2D5CDD00C18265 /* FooddeliveryTests */,
				3EC6949C2D2D5CDD00C18265 /* FooddeliveryUITests */,
			);
		};
/* End PBXProject section */

/* Begin PBXResourcesBuildPhase section */
		3EC694812D2D5CDB00C18265 /* Resources */ = {
			isa = PBXResourcesBuildPhase;
			buildActionMask = 2147483647;
			files = (
				3EC694B92D2D641700C18265 /* Launch Screen.storyboard in Resources */,
				3EC6948E2D2D5CDD00C18265 /* Preview Assets.xcassets in Resources */,
				3EC6948B2D2D5CDD00C18265 /* Assets.xcassets in Resources */,
			);
			runOnlyForDeploymentPostprocessing = 0;
		};
		3EC694912D2D5CDD00C18265 /* Resources */ = {
			isa = PBXResourcesBuildPhase;
			buildActionMask = 2147483647;
			files = (
			);
			runOnlyForDeploymentPostprocessing = 0;
		};
		3EC6949B2D2D5CDD00C18265 /* Resources */ = {
			isa = PBXResourcesBuildPhase;
			buildActionMask = 2147483647;
			files = (
			);
			runOnlyForDeploymentPostprocessing = 0;
		};
/* End PBXResourcesBuildPhase section */

/* Begin PBXSourcesBuildPhase section */
		3EC6947F2D2D5CDB00C18265 /* Sources */ = {
			isa = PBXSourcesBuildPhase;
			buildActionMask = 2147483647;
			files = (
				3E6F0F6A2D2EABD9008CF3A1 /* SignInView.swift in Sources */,
				3EC694892D2D5CDB00C18265 /* ContentView.swift in Sources */,
				3E6F0F682D2EAB9F008CF3A1 /* RoundButton.swift in Sources */,
				3E6F0F542D2E9CB5008CF3A1 /* WelcomeView.swift in Sources */,
				3EC694872D2D5CDB00C18265 /* FooddeliveryApp.swift in Sources */,
				3E6F0F6F2D2EAC82008CF3A1 /* CountryPickerUI.swift in Sources */,
				3E6F0F662D2EAB2E008CF3A1 /* UIExtension.swift in Sources */,
			);
			runOnlyForDeploymentPostprocessing = 0;
		};
		3EC6948F2D2D5CDD00C18265 /* Sources */ = {
			isa = PBXSourcesBuildPhase;
			buildActionMask = 2147483647;
			files = (
				3EC694982D2D5CDD00C18265 /* FooddeliveryTests.swift in Sources */,
			);
			runOnlyForDeploymentPostprocessing = 0;
		};
		3EC694992D2D5CDD00C18265 /* Sources */ = {
			isa = PBXSourcesBuildPhase;
			buildActionMask = 2147483647;
			files = (
				3EC694A42D2D5CDD00C18265 /* FooddeliveryUITestsLaunchTests.swift in Sources */,
				3EC694A22D2D5CDD00C18265 /* FooddeliveryUITests.swift in Sources */,
			);
			runOnlyForDeploymentPostprocessing = 0;
		};
/* End PBXSourcesBuildPhase section */

/* Begin PBXTargetDependency section */
		3EC694952D2D5CDD00C18265 /* PBXTargetDependency */ = {
			isa = PBXTargetDependency;
			target = 3EC694822D2D5CDB00C18265 /* Fooddelivery */;
			targetProxy = 3EC694942D2D5CDD00C18265 /* PBXContainerItemProxy */;
		};
		3EC6949F2D2D5CDD00C18265 /* PBXTargetDependency */ = {
			isa = PBXTargetDependency;
			target = 3EC694822D2D5CDB00C18265 /* Fooddelivery */;
			targetProxy = 3EC6949E2D2D5CDD00C18265 /* PBXContainerItemProxy */;
		};
/* End PBXTargetDependency section */

/* Begin XCBuildConfiguration section */
		3EC694A52D2D5CDD00C18265 /* Debug */ = {
			isa = XCBuildConfiguration;
			buildSettings = {
				ALWAYS_SEARCH_USER_PATHS = NO;
				ASSETCATALOG_COMPILER_GENERATE_SWIFT_ASSET_SYMBOL_EXTENSIONS = YES;
				CLANG_ANALYZER_NONNULL = YES;
				CLANG_ANALYZER_NUMBER_OBJECT_CONVERSION = YES_AGGRESSIVE;
				CLANG_CXX_LANGUAGE_STANDARD = "gnu++20";
				CLANG_ENABLE_MODULES = YES;
				CLANG_ENABLE_OBJC_ARC = YES;
				CLANG_ENABLE_OBJC_WEAK = YES;
				CLANG_WARN_BLOCK_CAPTURE_AUTORELEASING = YES;
				CLANG_WARN_BOOL_CONVERSION = YES;
				CLANG_WARN_COMMA = YES;
				CLANG_WARN_CONSTANT_CONVERSION = YES;
				CLANG_WARN_DEPRECATED_OBJC_IMPLEMENTATIONS = YES;
				CLANG_WARN_DIRECT_OBJC_ISA_USAGE = YES_ERROR;
				CLANG_WARN_DOCUMENTATION_COMMENTS = YES;
				CLANG_WARN_EMPTY_BODY = YES;
				CLANG_WARN_ENUM_CONVERSION = YES;
				CLANG_WARN_INFINITE_RECURSION = YES;
				CLANG_WARN_INT_CONVERSION = YES;
				CLANG_WARN_NON_LITERAL_NULL_CONVERSION = YES;
				CLANG_WARN_OBJC_IMPLICIT_RETAIN_SELF = YES;
				CLANG_WARN_OBJC_LITERAL_CONVERSION = YES;
				CLANG_WARN_OBJC_ROOT_CLASS = YES_ERROR;
				CLANG_WARN_QUOTED_INCLUDE_IN_FRAMEWORK_HEADER = YES;
				CLANG_WARN_RANGE_LOOP_ANALYSIS = YES;
				CLANG_WARN_STRICT_PROTOTYPES = YES;
				CLANG_WARN_SUSPICIOUS_MOVE = YES;
				CLANG_WARN_UNGUARDED_AVAILABILITY = YES_AGGRESSIVE;
				CLANG_WARN_UNREACHABLE_CODE = YES;
				CLANG_WARN__DUPLICATE_METHOD_MATCH = YES;
				COPY_PHASE_STRIP = NO;
				DEBUG_INFORMATION_FORMAT = dwarf;
				ENABLE_STRICT_OBJC_MSGSEND = YES;
				ENABLE_TESTABILITY = YES;
				ENABLE_USER_SCRIPT_SANDBOXING = YES;
				GCC_C_LANGUAGE_STANDARD = gnu17;
				GCC_DYNAMIC_NO_PIC = NO;
				GCC_NO_COMMON_BLOCKS = YES;
				GCC_OPTIMIZATION_LEVEL = 0;
				GCC_PREPROCESSOR_DEFINITIONS = (
					"DEBUG=1",
					"$(inherited)",
				);
				GCC_WARN_64_TO_32_BIT_CONVERSION = YES;
				GCC_WARN_ABOUT_RETURN_TYPE = YES_ERROR;
				GCC_WARN_UNDECLARED_SELECTOR = YES;
				GCC_WARN_UNINITIALIZED_AUTOS = YES_AGGRESSIVE;
				GCC_WARN_UNUSED_FUNCTION = YES;
				GCC_WARN_UNUSED_VARIABLE = YES;
				IPHONEOS_DEPLOYMENT_TARGET = 17.5;
				LOCALIZATION_PREFERS_STRING_CATALOGS = YES;
				MTL_ENABLE_DEBUG_INFO = INCLUDE_SOURCE;
				MTL_FAST_MATH = YES;
				ONLY_ACTIVE_ARCH = YES;
				SDKROOT = iphoneos;
				SWIFT_ACTIVE_COMPILATION_CONDITIONS = "DEBUG $(inherited)";
				SWIFT_OPTIMIZATION_LEVEL = "-Onone";
			};
			name = Debug;
		};
		3EC694A62D2D5CDD00C18265 /* Release */ = {
			isa = XCBuildConfiguration;
			buildSettings = {
				ALWAYS_SEARCH_USER_PATHS = NO;
				ASSETCATALOG_COMPILER_GENERATE_SWIFT_ASSET_SYMBOL_EXTENSIONS = YES;
				CLANG_ANALYZER_NONNULL = YES;
				CLANG_ANALYZER_NUMBER_OBJECT_CONVERSION = YES_AGGRESSIVE;
				CLANG_CXX_LANGUAGE_STANDARD = "gnu++20";
				CLANG_ENABLE_MODULES = YES;
				CLANG_ENABLE_OBJC_ARC = YES;
				CLANG_ENABLE_OBJC_WEAK = YES;
				CLANG_WARN_BLOCK_CAPTURE_AUTORELEASING = YES;
				CLANG_WARN_BOOL_CONVERSION = YES;
				CLANG_WARN_COMMA = YES;
				CLANG_WARN_CONSTANT_CONVERSION = YES;
				CLANG_WARN_DEPRECATED_OBJC_IMPLEMENTATIONS = YES;
				CLANG_WARN_DIRECT_OBJC_ISA_USAGE = YES_ERROR;
				CLANG_WARN_DOCUMENTATION_COMMENTS = YES;
				CLANG_WARN_EMPTY_BODY = YES;
				CLANG_WARN_ENUM_CONVERSION = YES;
				CLANG_WARN_INFINITE_RECURSION = YES;
				CLANG_WARN_INT_CONVERSION = YES;
				CLANG_WARN_NON_LITERAL_NULL_CONVERSION = YES;
				CLANG_WARN_OBJC_IMPLICIT_RETAIN_SELF = YES;
				CLANG_WARN_OBJC_LITERAL_CONVERSION = YES;
				CLANG_WARN_OBJC_ROOT_CLASS = YES_ERROR;
				CLANG_WARN_QUOTED_INCLUDE_IN_FRAMEWORK_HEADER = YES;
				CLANG_WARN_RANGE_LOOP_ANALYSIS = YES;
				CLANG_WARN_STRICT_PROTOTYPES = YES;
				CLANG_WARN_SUSPICIOUS_MOVE = YES;
				CLANG_WARN_UNGUARDED_AVAILABILITY = YES_AGGRESSIVE;
				CLANG_WARN_UNREACHABLE_CODE = YES;
				CLANG_WARN__DUPLICATE_METHOD_MATCH = YES;
				COPY_PHASE_STRIP = NO;
				DEBUG_INFORMATION_FORMAT = "dwarf-with-dsym";
				ENABLE_NS_ASSERTIONS = NO;
				ENABLE_STRICT_OBJC_MSGSEND = YES;
				ENABLE_USER_SCRIPT_SANDBOXING = YES;
				GCC_C_LANGUAGE_STANDARD = gnu17;
				GCC_NO_COMMON_BLOCKS = YES;
				GCC_WARN_64_TO_32_BIT_CONVERSION = YES;
				GCC_WARN_ABOUT_RETURN_TYPE = YES_ERROR;
				GCC_WARN_UNDECLARED_SELECTOR = YES;
				GCC_WARN_UNINITIALIZED_AUTOS = YES_AGGRESSIVE;
				GCC_WARN_UNUSED_FUNCTION = YES;
				GCC_WARN_UNUSED_VARIABLE = YES;
				IPHONEOS_DEPLOYMENT_TARGET = 17.5;
				LOCALIZATION_PREFERS_STRING_CATALOGS = YES;
				MTL_ENABLE_DEBUG_INFO = NO;
				MTL_FAST_MATH = YES;
				SDKROOT = iphoneos;
				SWIFT_COMPILATION_MODE = wholemodule;
				VALIDATE_PRODUCT = YES;
			};
			name = Release;
		};
		3EC694A82D2D5CDD00C18265 /* Debug */ = {
			isa = XCBuildConfiguration;
			buildSettings = {
				ASSETCATALOG_COMPILER_APPICON_NAME = AppIcon;
				ASSETCATALOG_COMPILER_GLOBAL_ACCENT_COLOR_NAME = AccentColor;
				CODE_SIGN_STYLE = Automatic;
				CURRENT_PROJECT_VERSION = 1;
				DEVELOPMENT_ASSET_PATHS = "\"Fooddelivery/Preview Content\"";
				ENABLE_PREVIEWS = YES;
				GENERATE_INFOPLIST_FILE = YES;
				INFOPLIST_FILE = Fooddelivery/Info.plist;
				INFOPLIST_KEY_UIApplicationSceneManifest_Generation = YES;
				INFOPLIST_KEY_UIApplicationSupportsIndirectInputEvents = YES;
				INFOPLIST_KEY_UILaunchScreen_Generation = YES;
				INFOPLIST_KEY_UILaunchStoryboardName = "Launch Screen.storyboard";
				INFOPLIST_KEY_UISupportedInterfaceOrientations_iPad = "UIInterfaceOrientationPortrait UIInterfaceOrientationPortraitUpsideDown UIInterfaceOrientationLandscapeLeft UIInterfaceOrientationLandscapeRight";
				INFOPLIST_KEY_UISupportedInterfaceOrientations_iPhone = "UIInterfaceOrientationPortrait UIInterfaceOrientationLandscapeLeft UIInterfaceOrientationLandscapeRight";
				LD_RUNPATH_SEARCH_PATHS = (
					"$(inherited)",
					"@executable_path/Frameworks",
				);
				MARKETING_VERSION = 1.0;
				PRODUCT_BUNDLE_IDENTIFIER = com.vishwa.Fooddelivery;
				PRODUCT_NAME = "$(TARGET_NAME)";
				SWIFT_EMIT_LOC_STRINGS = YES;
				SWIFT_VERSION = 5.0;
				TARGETED_DEVICE_FAMILY = "1,2";
			};
			name = Debug;
		};
		3EC694A92D2D5CDD00C18265 /* Release */ = {
			isa = XCBuildConfiguration;
			buildSettings = {
				ASSETCATALOG_COMPILER_APPICON_NAME = AppIcon;
				ASSETCATALOG_COMPILER_GLOBAL_ACCENT_COLOR_NAME = AccentColor;
				CODE_SIGN_STYLE = Automatic;
				CURRENT_PROJECT_VERSION = 1;
				DEVELOPMENT_ASSET_PATHS = "\"Fooddelivery/Preview Content\"";
				ENABLE_PREVIEWS = YES;
				GENERATE_INFOPLIST_FILE = YES;
				INFOPLIST_FILE = Fooddelivery/Info.plist;
				INFOPLIST_KEY_UIApplicationSceneManifest_Generation = YES;
				INFOPLIST_KEY_UIApplicationSupportsIndirectInputEvents = YES;
				INFOPLIST_KEY_UILaunchScreen_Generation = YES;
				INFOPLIST_KEY_UILaunchStoryboardName = "Launch Screen.storyboard";
				INFOPLIST_KEY_UISupportedInterfaceOrientations_iPad = "UIInterfaceOrientationPortrait UIInterfaceOrientationPortraitUpsideDown UIInterfaceOrientationLandscapeLeft UIInterfaceOrientationLandscapeRight";
				INFOPLIST_KEY_UISupportedInterfaceOrientations_iPhone = "UIInterfaceOrientationPortrait UIInterfaceOrientationLandscapeLeft UIInterfaceOrientationLandscapeRight";
				LD_RUNPATH_SEARCH_PATHS = (
					"$(inherited)",
					"@executable_path/Frameworks",
				);
				MARKETING_VERSION = 1.0;
				PRODUCT_BUNDLE_IDENTIFIER = com.vishwa.Fooddelivery;
				PRODUCT_NAME = "$(TARGET_NAME)";
				SWIFT_EMIT_LOC_STRINGS = YES;
				SWIFT_VERSION = 5.0;
				TARGETED_DEVICE_FAMILY = "1,2";
			};
			name = Release;
		};
		3EC694AB2D2D5CDD00C18265 /* Debug */ = {
			isa = XCBuildConfiguration;
			buildSettings = {
				ALWAYS_EMBED_SWIFT_STANDARD_LIBRARIES = YES;
				BUNDLE_LOADER = "$(TEST_HOST)";
				CODE_SIGN_STYLE = Automatic;
				CURRENT_PROJECT_VERSION = 1;
				GENERATE_INFOPLIST_FILE = YES;
				IPHONEOS_DEPLOYMENT_TARGET = 17.5;
				MARKETING_VERSION = 1.0;
				PRODUCT_BUNDLE_IDENTIFIER = com.vishwa.FooddeliveryTests;
				PRODUCT_NAME = "$(TARGET_NAME)";
				SWIFT_EMIT_LOC_STRINGS = NO;
				SWIFT_VERSION = 5.0;
				TARGETED_DEVICE_FAMILY = "1,2";
				TEST_HOST = "$(BUILT_PRODUCTS_DIR)/Fooddelivery.app/$(BUNDLE_EXECUTABLE_FOLDER_PATH)/Fooddelivery";
			};
			name = Debug;
		};
		3EC694AC2D2D5CDD00C18265 /* Release */ = {
			isa = XCBuildConfiguration;
			buildSettings = {
				ALWAYS_EMBED_SWIFT_STANDARD_LIBRARIES = YES;
				BUNDLE_LOADER = "$(TEST_HOST)";
				CODE_SIGN_STYLE = Automatic;
				CURRENT_PROJECT_VERSION = 1;
				GENERATE_INFOPLIST_FILE = YES;
				IPHONEOS_DEPLOYMENT_TARGET = 17.5;
				MARKETING_VERSION = 1.0;
				PRODUCT_BUNDLE_IDENTIFIER = com.vishwa.FooddeliveryTests;
				PRODUCT_NAME = "$(TARGET_NAME)";
				SWIFT_EMIT_LOC_STRINGS = NO;
				SWIFT_VERSION = 5.0;
				TARGETED_DEVICE_FAMILY = "1,2";
				TEST_HOST = "$(BUILT_PRODUCTS_DIR)/Fooddelivery.app/$(BUNDLE_EXECUTABLE_FOLDER_PATH)/Fooddelivery";
			};
			name = Release;
		};
		3EC694AE2D2D5CDD00C18265 /* Debug */ = {
			isa = XCBuildConfiguration;
			buildSettings = {
				ALWAYS_EMBED_SWIFT_STANDARD_LIBRARIES = YES;
				CODE_SIGN_STYLE = Automatic;
				CURRENT_PROJECT_VERSION = 1;
				GENERATE_INFOPLIST_FILE = YES;
				MARKETING_VERSION = 1.0;
				PRODUCT_BUNDLE_IDENTIFIER = com.vishwa.FooddeliveryUITests;
				PRODUCT_NAME = "$(TARGET_NAME)";
				SWIFT_EMIT_LOC_STRINGS = NO;
				SWIFT_VERSION = 5.0;
				TARGETED_DEVICE_FAMILY = "1,2";
				TEST_TARGET_NAME = Fooddelivery;
			};
			name = Debug;
		};
		3EC694AF2D2D5CDD00C18265 /* Release */ = {
			isa = XCBuildConfiguration;
			buildSettings = {
				ALWAYS_EMBED_SWIFT_STANDARD_LIBRARIES = YES;
				CODE_SIGN_STYLE = Automatic;
				CURRENT_PROJECT_VERSION = 1;
				GENERATE_INFOPLIST_FILE = YES;
				MARKETING_VERSION = 1.0;
				PRODUCT_BUNDLE_IDENTIFIER = com.vishwa.FooddeliveryUITests;
				PRODUCT_NAME = "$(TARGET_NAME)";
				SWIFT_EMIT_LOC_STRINGS = NO;
				SWIFT_VERSION = 5.0;
				TARGETED_DEVICE_FAMILY = "1,2";
				TEST_TARGET_NAME = Fooddelivery;
			};
			name = Release;
		};
/* End XCBuildConfiguration section */

/* Begin XCConfigurationList section */
		3EC6947E2D2D5CDB00C18265 /* Build configuration list for PBXProject "Fooddelivery" */ = {
			isa = XCConfigurationList;
			buildConfigurations = (
				3EC694A52D2D5CDD00C18265 /* Debug */,
				3EC694A62D2D5CDD00C18265 /* Release */,
			);
			defaultConfigurationIsVisible = 0;
			defaultConfigurationName = Release;
		};
		3EC694A72D2D5CDD00C18265 /* Build configuration list for PBXNativeTarget "Fooddelivery" */ = {
			isa = XCConfigurationList;
			buildConfigurations = (
				3EC694A82D2D5CDD00C18265 /* Debug */,
				3EC694A92D2D5CDD00C18265 /* Release */,
			);
			defaultConfigurationIsVisible = 0;
			defaultConfigurationName = Release;
		};
		3EC694AA2D2D5CDD00C18265 /* Build configuration list for PBXNativeTarget "FooddeliveryTests" */ = {
			isa = XCConfigurationList;
			buildConfigurations = (
				3EC694AB2D2D5CDD00C18265 /* Debug */,
				3EC694AC2D2D5CDD00C18265 /* Release */,
			);
			defaultConfigurationIsVisible = 0;
			defaultConfigurationName = Release;
		};
		3EC694AD2D2D5CDD00C18265 /* Build configuration list for PBXNativeTarget "FooddeliveryUITests" */ = {
			isa = XCConfigurationList;
			buildConfigurations = (
				3EC694AE2D2D5CDD00C18265 /* Debug */,
				3EC694AF2D2D5CDD00C18265 /* Release */,
			);
			defaultConfigurationIsVisible = 0;
			defaultConfigurationName = Release;
		};
/* End XCConfigurationList section */

/* Begin XCRemoteSwiftPackageReference section */
		3E6F0F6B2D2EAC39008CF3A1 /* XCRemoteSwiftPackageReference "CountryPicker" */ = {
			isa = XCRemoteSwiftPackageReference;
			repositoryURL = "https://github.com/mobven/CountryPicker.git";
			requirement = {
				kind = upToNextMajorVersion;
				minimumVersion = 2.0.3;
			};
		};
/* End XCRemoteSwiftPackageReference section */

/* Begin XCSwiftPackageProductDependency section */
		3E6F0F6C2D2EAC3A008CF3A1 /* CountryPicker */ = {
			isa = XCSwiftPackageProductDependency;
			package = 3E6F0F6B2D2EAC39008CF3A1 /* XCRemoteSwiftPackageReference "CountryPicker" */;
			productName = CountryPicker;
		};
/* End XCSwiftPackageProductDependency section */
	};
	rootObject = 3EC6947B2D2D5CDB00C18265 /* Project object */;
}
